<?xml version="1.0" encoding="utf-8"?>
<Project ToolsVersion="4.0" xmlns="http://schemas.microsoft.com/developer/msbuild/2003">
  <ItemGroup>
    <Filter Include="Source Files">
      <UniqueIdentifier>{4FC737F1-C7A5-4376-A066-2A32D752A2FF}</UniqueIdentifier>
      <Extensions>cpp;c;cc;cxx;def;odl;idl;hpj;bat;asm;asmx</Extensions>
    </Filter>
    <Filter Include="Header Files">
      <UniqueIdentifier>{93995380-89BD-4b04-88EB-625FBE52EBFB}</UniqueIdentifier>
      <Extensions>h;hh;hpp;hxx;hm;inl;inc;xsd</Extensions>
    </Filter>
    <Filter Include="Resource Files">
      <UniqueIdentifier>{67DA6AB6-F800-4c08-8B7A-83BB121AAD01}</UniqueIdentifier>
      <Extensions>rc;ico;cur;bmp;dlg;rc2;rct;bin;rgs;gif;jpg;jpeg;jpe;resx;tiff;tif;png;wav;mfcribbon-ms</Extensions>
    </Filter>
  </ItemGroup>
  <ItemGroup>
    <ClCompile Include="Driver.cpp">
      <Filter>Source Files</Filter>
    </ClCompile>
    <ClCompile Include="Systems\Window\Window.cpp">
      <Filter>Source Files</Filter>
    </ClCompile>
    <ClCompile Include="Systems\Window\WindowGLFW.cpp">
      <Filter>Source Files</Filter>
    </ClCompile>
    <ClCompile Include="Systems\Window\WindowSDL.cpp">
      <Filter>Source Files</Filter>
    </ClCompile>
    <ClCompile Include="Systems\Window\WindowSFML.cpp">
      <Filter>Source Files</Filter>
    </ClCompile>
    <ClCompile Include="Systems\GUI\GUI.cpp">
      <Filter>Source Files</Filter>
    </ClCompile>
    <ClCompile Include="Systems\GUI\ImGuiBindingSFML.cpp">
      <Filter>Source Files</Filter>
    </ClCompile>
    <ClCompile Include="Systems\GUI\ImGuiBinding.cpp">
      <Filter>Source Files</Filter>
    </ClCompile>
    <ClCompile Include="Dependencies\include\DEARIMGUI\imgui.cpp">
      <Filter>Source Files</Filter>
    </ClCompile>
    <ClCompile Include="Dependencies\include\DEARIMGUI\imgui_draw.cpp">
      <Filter>Source Files</Filter>
    </ClCompile>
    <ClCompile Include="Dependencies\include\DEARIMGUI\imgui_demo.cpp">
      <Filter>Source Files</Filter>
    </ClCompile>
    <ClCompile Include="Systems\GUI\ImGuiBindingGLFW.cpp">
      <Filter>Source Files</Filter>
    </ClCompile>
    <ClCompile Include="Systems\GUI\ImGuiBindingSDL.cpp">
      <Filter>Source Files</Filter>
    </ClCompile>
  </ItemGroup>
  <ItemGroup>
    <ClInclude Include="Systems\Window\Window.h">
      <Filter>Header Files</Filter>
    </ClInclude>
    <ClInclude Include="Systems\Window\WindowGLFW.h">
      <Filter>Header Files</Filter>
    </ClInclude>
    <ClInclude Include="Systems\Window\WindowSDL.h">
      <Filter>Header Files</Filter>
    </ClInclude>
    <ClInclude Include="Systems\Window\WindowSettings.h">
      <Filter>Header Files</Filter>
    </ClInclude>
    <ClInclude Include="Systems\Window\WindowSFML.h">
      <Filter>Header Files</Filter>
    </ClInclude>
    <ClInclude Include="Systems\System.h">
      <Filter>Header Files</Filter>
    </ClInclude>
    <ClInclude Include="Utilities.h">
      <Filter>Header Files</Filter>
    </ClInclude>
    <ClInclude Include="Systems\GUI\GUI.h">
      <Filter>Header Files</Filter>
    </ClInclude>
    <ClInclude Include="Systems\GUI\ImGuiBinding.h">
      <Filter>Header Files</Filter>
    </ClInclude>
    <ClInclude Include="Systems\GUI\ImGuiBindingSFML.h">
      <Filter>Header Files</Filter>
    </ClInclude>
    <ClInclude Include="Systems\GUI\ImGuiBindingGLFW.h">
      <Filter>Header Files</Filter>
    </ClInclude>
    <ClInclude Include="Systems\GUI\ImGuiBindingSDL.h">
      <Filter>Header Files</Filter>
    </ClInclude>
  </ItemGroup>
</Project>