<?xml version="1.0" encoding="utf-8"?>
<Project ToolsVersion="4.0" xmlns="http://schemas.microsoft.com/developer/msbuild/2003">
  <ItemGroup>
    <Filter Include="Source Files">
      <UniqueIdentifier>{4FC737F1-C7A5-4376-A066-2A32D752A2FF}</UniqueIdentifier>
      <Extensions>cpp;c;cc;cxx;def;odl;idl;hpj;bat;asm;asmx</Extensions>
    </Filter>
    <Filter Include="Header Files">
      <UniqueIdentifier>{93995380-89BD-4b04-88EB-625FBE52EBFB}</UniqueIdentifier>
      <Extensions>h;hh;hpp;hxx;hm;inl;inc;xsd</Extensions>
    </Filter>
    <Filter Include="Resource Files">
      <UniqueIdentifier>{67DA6AB6-F800-4c08-8B7A-83BB121AAD01}</UniqueIdentifier>
      <Extensions>rc;ico;cur;bmp;dlg;rc2;rct;bin;rgs;gif;jpg;jpeg;jpe;resx;tiff;tif;png;wav;mfcribbon-ms</Extensions>
    </Filter>
  </ItemGroup>
  <ItemGroup>
    <ClCompile Include="Actions\Action\Action.cpp">
      <Filter>Source Files</Filter>
    </ClCompile>
    <ClCompile Include="Actions\Actions.cpp">
      <Filter>Source Files</Filter>
    </ClCompile>
    <ClCompile Include="Actions\Action\ActionSet.cpp">
      <Filter>Source Files</Filter>
    </ClCompile>
    <ClCompile Include="Actions\ActionsHolder.cpp">
      <Filter>Source Files</Filter>
    </ClCompile>
    <ClCompile Include="Actions\ActionSpace.cpp">
      <Filter>Source Files</Filter>
    </ClCompile>
    <ClCompile Include="Driver.cpp">
      <Filter>Source Files</Filter>
    </ClCompile>
    <ClCompile Include="SampleInterface.cpp">
      <Filter>Source Files</Filter>
    </ClCompile>
    <ClCompile Include="Actions\Action\ActionProperty.cpp">
      <Filter>Source Files</Filter>
    </ClCompile>
  </ItemGroup>
  <ItemGroup>
    <ClInclude Include="Entity.h">
      <Filter>Header Files</Filter>
    </ClInclude>
    <ClInclude Include="Actions\Actions.h">
      <Filter>Header Files</Filter>
    </ClInclude>
    <ClInclude Include="Actions\Action\Action.h">
      <Filter>Header Files</Filter>
    </ClInclude>
    <ClInclude Include="Actions\Action\ActionDelay.h">
      <Filter>Header Files</Filter>
    </ClInclude>
    <ClInclude Include="Actions\Action\Delegate.h">
      <Filter>Header Files</Filter>
    </ClInclude>
    <ClInclude Include="Actions\Action\ActionCall.h">
      <Filter>Header Files</Filter>
    </ClInclude>
    <ClInclude Include="Actions\Action\ActionSet.h">
      <Filter>Header Files</Filter>
    </ClInclude>
    <ClInclude Include="Actions\Action\ActionGroup.h">
      <Filter>Header Files</Filter>
    </ClInclude>
    <ClInclude Include="Actions\Action\ActionSequence.h">
      <Filter>Header Files</Filter>
    </ClInclude>
    <ClInclude Include="Actions\ActionsHolder.h">
      <Filter>Header Files</Filter>
    </ClInclude>
    <ClInclude Include="Actions\ActionSpace.h">
      <Filter>Header Files</Filter>
    </ClInclude>
    <ClInclude Include="SampleInterface.h">
      <Filter>Header Files</Filter>
    </ClInclude>
    <ClInclude Include="Actions\Actions.hpp">
      <Filter>Header Files</Filter>
    </ClInclude>
    <ClInclude Include="Timer.h">
      <Filter>Header Files</Filter>
    </ClInclude>
    <ClInclude Include="Actions\Action\ActionProperty.h">
      <Filter>Header Files</Filter>
    </ClInclude>
    <ClInclude Include="Actions\Action\Types.h">
      <Filter>Header Files</Filter>
    </ClInclude>
    <ClInclude Include="Actions\Action\Ease.h">
      <Filter>Header Files</Filter>
    </ClInclude>
  </ItemGroup>
  <ItemGroup>
    <None Include="Actions\Action\ActionProperty.hpp" />
  </ItemGroup>
</Project>