<?xml version="1.0" encoding="utf-8"?>
<Project ToolsVersion="4.0" xmlns="http://schemas.microsoft.com/developer/msbuild/2003">
  <ItemGroup>
    <Filter Include="Source Files">
      <UniqueIdentifier>{4FC737F1-C7A5-4376-A066-2A32D752A2FF}</UniqueIdentifier>
      <Extensions>cpp;c;cc;cxx;def;odl;idl;hpj;bat;asm;asmx</Extensions>
    </Filter>
    <Filter Include="Header Files">
      <UniqueIdentifier>{93995380-89BD-4b04-88EB-625FBE52EBFB}</UniqueIdentifier>
      <Extensions>h;hh;hpp;hxx;hm;inl;inc;xsd</Extensions>
    </Filter>
    <Filter Include="Resource Files">
      <UniqueIdentifier>{67DA6AB6-F800-4c08-8B7A-83BB121AAD01}</UniqueIdentifier>
      <Extensions>rc;ico;cur;bmp;dlg;rc2;rct;bin;rgs;gif;jpg;jpeg;jpe;resx;tiff;tif;png;wav;mfcribbon-ms</Extensions>
    </Filter>
  </ItemGroup>
  <ItemGroup>
    <ClInclude Include="Core\Components\ComponentReference.h">
      <Filter>Header Files</Filter>
    </ClInclude>
    <ClInclude Include="Core\Components\ComponentsInclude.h">
      <Filter>Header Files</Filter>
    </ClInclude>
    <ClInclude Include="Core\Components\EngineReference.h">
      <Filter>Header Files</Filter>
    </ClInclude>
    <ClInclude Include="Core\Components\Transform.h">
      <Filter>Header Files</Filter>
    </ClInclude>
    <ClInclude Include="Core\Debug\Trace.h">
      <Filter>Header Files</Filter>
    </ClInclude>
    <ClInclude Include="Core\Engine\Engine.h">
      <Filter>Header Files</Filter>
    </ClInclude>
    <ClInclude Include="Core\Engine\Engine.hpp">
      <Filter>Header Files</Filter>
    </ClInclude>
    <ClInclude Include="Core\Libraries\Time\Timer.h">
      <Filter>Header Files</Filter>
    </ClInclude>
    <ClInclude Include="Core\Objects\Component\Component.h">
      <Filter>Header Files</Filter>
    </ClInclude>
    <ClInclude Include="Core\Objects\Entity\GameObject\GameObject.h">
      <Filter>Header Files</Filter>
    </ClInclude>
    <ClInclude Include="Core\Objects\Entity\GameSession\GameSession.h">
      <Filter>Header Files</Filter>
    </ClInclude>
    <ClInclude Include="Core\Objects\Entity\Space\Space.h">
      <Filter>Header Files</Filter>
    </ClInclude>
    <ClInclude Include="Core\Objects\Entity\EntitiesInclude.h">
      <Filter>Header Files</Filter>
    </ClInclude>
    <ClInclude Include="Core\Objects\Entity\Entity.h">
      <Filter>Header Files</Filter>
    </ClInclude>
    <ClInclude Include="Core\Objects\System\System.h">
      <Filter>Header Files</Filter>
    </ClInclude>
    <ClInclude Include="Core\Objects\Object.h">
      <Filter>Header Files</Filter>
    </ClInclude>
    <ClInclude Include="Core\Objects\ObjectsInclude.h">
      <Filter>Header Files</Filter>
    </ClInclude>
    <ClInclude Include="Core\Precompiled\Precompiled.h">
      <Filter>Header Files</Filter>
    </ClInclude>
    <ClInclude Include="Core\Systems\Window\Window.h">
      <Filter>Header Files</Filter>
    </ClInclude>
    <ClInclude Include="Core\Systems\SystemReference.h">
      <Filter>Header Files</Filter>
    </ClInclude>
    <ClInclude Include="Core\Systems\SystemsInclude.h">
      <Filter>Header Files</Filter>
    </ClInclude>
    <ClInclude Include="Core\Types\Macros.h">
      <Filter>Header Files</Filter>
    </ClInclude>
    <ClInclude Include="Core\Types\Types.h">
      <Filter>Header Files</Filter>
    </ClInclude>
    <ClInclude Include="Core\Objects\Resource\Resource.h">
      <Filter>Header Files</Filter>
    </ClInclude>
    <ClInclude Include="Core\Resources\ResourceReference.h">
      <Filter>Header Files</Filter>
    </ClInclude>
    <ClInclude Include="Core\Resources\Level.h">
      <Filter>Header Files</Filter>
    </ClInclude>
    <ClInclude Include="Core\Resources\ResourcesInclude.h">
      <Filter>Header Files</Filter>
    </ClInclude>
    <ClInclude Include="Core\Objects\Entity\Entity.hpp">
      <Filter>Header Files</Filter>
    </ClInclude>
  </ItemGroup>
  <ItemGroup>
    <ClCompile Include="Core\Components\Transform.cpp">
      <Filter>Source Files</Filter>
    </ClCompile>
    <ClCompile Include="Core\Engine\Engine.cpp">
      <Filter>Source Files</Filter>
    </ClCompile>
    <ClCompile Include="Core\Objects\Component\Component.cpp">
      <Filter>Source Files</Filter>
    </ClCompile>
    <ClCompile Include="Core\Objects\Entity\GameObject\GameObject.cpp">
      <Filter>Source Files</Filter>
    </ClCompile>
    <ClCompile Include="Core\Objects\Entity\GameSession\GameSession.cpp">
      <Filter>Source Files</Filter>
    </ClCompile>
    <ClCompile Include="Core\Objects\Entity\Space\Space.cpp">
      <Filter>Source Files</Filter>
    </ClCompile>
    <ClCompile Include="Core\Objects\Entity\Entity.cpp">
      <Filter>Source Files</Filter>
    </ClCompile>
    <ClCompile Include="Core\Objects\Object.cpp">
      <Filter>Source Files</Filter>
    </ClCompile>
    <ClCompile Include="Core\Precompiled\Precompiled.cpp">
      <Filter>Source Files</Filter>
    </ClCompile>
    <ClCompile Include="Core\Systems\Window\Window.cpp">
      <Filter>Source Files</Filter>
    </ClCompile>
    <ClCompile Include="Main.cpp">
      <Filter>Source Files</Filter>
    </ClCompile>
    <ClCompile Include="Core\Objects\Resource\Resource.cpp">
      <Filter>Source Files</Filter>
    </ClCompile>
    <ClCompile Include="Core\Resources\Level.cpp">
      <Filter>Source Files</Filter>
    </ClCompile>
  </ItemGroup>
</Project>